
Microsoft Visual Studio Solution File, Format Version 12.00
# Visual Studio Version 17
VisualStudioVersion = 17.8.34316.72
MinimumVisualStudioVersion = 10.0.40219.1
Project("{9A19103F-16F7-4668-BE54-9A1E7A4F7556}") = "DiffingApiTask", "DiffingApiTask\DiffingApiTask.csproj", "{7945AB4A-930A-4F30-870A-1A8BC9D5BBF1}"
EndProject
Project("{9A19103F-16F7-4668-BE54-9A1E7A4F7556}") = "DiffingApiTask.UnitTests", "DiffingApiTask.UnitTests\DiffingApiTask.UnitTests.csproj", "{ADD8F2E0-EEEA-42FC-AF58-01EEF78B07D8}"
EndProject
Project("{FAE04EC0-301F-11D3-BF4B-00C04F79EFBC}") = "DiffingApiTask.IntegrationTests", "DiffingApiTask.IntegrationTests\DiffingApiTask.IntegrationTests.csproj", "{1C1A7A13-D5EA-43E5-9788-529757EEB73A}"
EndProject
Global
	GlobalSection(SolutionConfigurationPlatforms) = preSolution
		Debug|Any CPU = Debug|Any CPU
		Release|Any CPU = Release|Any CPU
	EndGlobalSection
	GlobalSection(ProjectConfigurationPlatforms) = postSolution
		{7945AB4A-930A-4F30-870A-1A8BC9D5BBF1}.Debug|Any CPU.ActiveCfg = Debug|Any CPU
		{7945AB4A-930A-4F30-870A-1A8BC9D5BBF1}.Debug|Any CPU.Build.0 = Debug|Any CPU
		{7945AB4A-930A-4F30-870A-1A8BC9D5BBF1}.Release|Any CPU.ActiveCfg = Release|Any CPU
		{7945AB4A-930A-4F30-870A-1A8BC9D5BBF1}.Release|Any CPU.Build.0 = Release|Any CPU
		{ADD8F2E0-EEEA-42FC-AF58-01EEF78B07D8}.Debug|Any CPU.ActiveCfg = Debug|Any CPU
		{ADD8F2E0-EEEA-42FC-AF58-01EEF78B07D8}.Debug|Any CPU.Build.0 = Debug|Any CPU
		{ADD8F2E0-EEEA-42FC-AF58-01EEF78B07D8}.Release|Any CPU.ActiveCfg = Release|Any CPU
		{ADD8F2E0-EEEA-42FC-AF58-01EEF78B07D8}.Release|Any CPU.Build.0 = Release|Any CPU
		{1C1A7A13-D5EA-43E5-9788-529757EEB73A}.Debug|Any CPU.ActiveCfg = Debug|Any CPU
		{1C1A7A13-D5EA-43E5-9788-529757EEB73A}.Debug|Any CPU.Build.0 = Debug|Any CPU
		{1C1A7A13-D5EA-43E5-9788-529757EEB73A}.Release|Any CPU.ActiveCfg = Release|Any CPU
		{1C1A7A13-D5EA-43E5-9788-529757EEB73A}.Release|Any CPU.Build.0 = Release|Any CPU
	EndGlobalSection
	GlobalSection(SolutionProperties) = preSolution
		HideSolutionNode = FALSE
	EndGlobalSection
	GlobalSection(ExtensibilityGlobals) = postSolution
		SolutionGuid = {35EA0C1B-3DDD-4EC8-9772-085C81E403BF}
	EndGlobalSection
EndGlobal
